
Microsoft Visual Studio Solution File, Format Version 12.00
# Visual Studio 15
VisualStudioVersion = 15.0.27703.2042
MinimumVisualStudioVersion = 10.0.40219.1
Project("{FAE04EC0-301F-11D3-BF4B-00C04F79EFBC}") = "MongoFiles", "MongoFiles\MongoFiles.csproj", "{C8D45D1A-4B84-4700-BB3B-C19E4E718B7C}"
EndProject
Global
	GlobalSection(SolutionConfigurationPlatforms) = preSolution
		Debug|Any CPU = Debug|Any CPU
		Release|Any CPU = Release|Any CPU
	EndGlobalSection
	GlobalSection(ProjectConfigurationPlatforms) = postSolution
		{C8D45D1A-4B84-4700-BB3B-C19E4E718B7C}.Debug|Any CPU.ActiveCfg = Debug|Any CPU
		{C8D45D1A-4B84-4700-BB3B-C19E4E718B7C}.Debug|Any CPU.Build.0 = Debug|Any CPU
		{C8D45D1A-4B84-4700-BB3B-C19E4E718B7C}.Release|Any CPU.ActiveCfg = Release|Any CPU
		{C8D45D1A-4B84-4700-BB3B-C19E4E718B7C}.Release|Any CPU.Build.0 = Release|Any CPU
	EndGlobalSection
	GlobalSection(SolutionProperties) = preSolution
		HideSolutionNode = FALSE
	EndGlobalSection
	GlobalSection(ExtensibilityGlobals) = postSolution
		SolutionGuid = {B6295262-65BE-4144-A35E-E520F257C08C}
	EndGlobalSection
EndGlobal
